{
  "version": 1,
  "dependencies": {
    "net5.0-windows7.0": {
      "System.Drawing.Common": {
        "type": "Direct",
        "requested": "[6.0.0-preview.1.21102.12, )",
        "resolved": "6.0.0-preview.1.21102.12",
        "contentHash": "VfxLOd9L442ax5pxvMfqhQb5lS8/Z2j7zwJWAhAWtsgIyKlveV82RA9GbEJ2q8xq3s3sYyyoXgWGlyVKjBv1hw==",
        "dependencies": {
          "Microsoft.Win32.SystemEvents": "6.0.0-preview.1.21102.12"
        }
      },
      "System.Management": {
        "type": "Direct",
        "requested": "[5.0.0, )",
        "resolved": "5.0.0",
        "contentHash": "MF1CHaRcC+MLFdnDthv4/bKWBZnlnSpkGqa87pKukQefgEdwtb9zFW6zs0GjPp73qtpYYg4q6PEKbzJbxCpKfw==",
        "dependencies": {
          "Microsoft.NETCore.Platforms": "5.0.0",
          "Microsoft.Win32.Registry": "5.0.0",
          "System.CodeDom": "5.0.0"
        }
      },
      "XAMLMarkupExtensions": {
        "type": "Direct",
        "requested": "[2.0.0, )",
        "resolved": "2.0.0",
        "contentHash": "lf2OKHcoLWEmLy4WxI4D6IrAv5xCwGLMnrjTQWGPaxUYMdd9/oA4HaE7sX2QIZefruth+sJi0+nzg4dDEILPOQ=="
      },
      "Microsoft.NETCore.Platforms": {
        "type": "Transitive",
        "resolved": "6.0.0-preview.1.21102.12",
        "contentHash": "mdF/p3nqdGOOzMGSiO1nf6M0/LmJziyfDW1H16TYwZvj++4+bC4VzH7BEUyX8IjcXJCxvO2uTfym/ZeNJVGthA=="
      },
      "Microsoft.Win32.Registry": {
        "type": "Transitive",
        "resolved": "5.0.0",
        "contentHash": "dDoKi0PnDz31yAyETfRntsLArTlVAVzUzCIvvEDsDsucrl33Dl8pIJG06ePTJTI3tGpeyHS9Cq7Foc/s4EeKcg==",
        "dependencies": {
          "System.Security.AccessControl": "5.0.0",
          "System.Security.Principal.Windows": "5.0.0"
        }
      },
      "Microsoft.Win32.SystemEvents": {
        "type": "Transitive",
        "resolved": "6.0.0-preview.1.21102.12",
        "contentHash": "gzLO6zNVtBMevH3EPLObUUL6g3hW3pSgqskSQvayoru48gMkEVUmfCNCvcQD8sET8B/VwWABsDYEFpq58JJ4GA==",
        "dependencies": {
          "Microsoft.NETCore.Platforms": "6.0.0-preview.1.21102.12"
        }
      },
      "System.CodeDom": {
        "type": "Transitive",
        "resolved": "5.0.0",
        "contentHash": "JPJArwA1kdj8qDAkY2XGjSWoYnqiM7q/3yRNkt6n28Mnn95MuEGkZXUbPBf7qc3IjwrGY5ttQon7yqHZyQJmOQ=="
      },
      "System.Security.AccessControl": {
        "type": "Transitive",
        "resolved": "5.0.0",
        "contentHash": "dagJ1mHZO3Ani8GH0PHpPEe/oYO+rVdbQjvjJkBRNQkX4t0r1iaeGn8+/ybkSLEan3/slM0t59SVdHzuHf2jmw==",
        "dependencies": {
          "Microsoft.NETCore.Platforms": "5.0.0",
          "System.Security.Principal.Windows": "5.0.0"
        }
      },
      "System.Security.Principal.Windows": {
        "type": "Transitive",
        "resolved": "5.0.0",
        "contentHash": "t0MGLukB5WAVU9bO3MGzvlGnyJPgUlcwerXn1kzBRjwLKixT96XV0Uza41W49gVd8zEMFu9vQEFlv0IOrytICA=="
      }
    }
  }
}